
Microsoft Visual Studio Solution File, Format Version 12.00
# Visual Studio Version 16
VisualStudioVersion = 16.0.31129.286
MinimumVisualStudioVersion = 10.0.40219.1
Project("{FAE04EC0-301F-11D3-BF4B-00C04F79EFBC}") = "Nemesys", "Nemesys\Nemesys.csproj", "{DF25C3BE-E4EA-410D-A753-6CC551D8AB44}"
EndProject
Global
	GlobalSection(SolutionConfigurationPlatforms) = preSolution
		Debug|Any CPU = Debug|Any CPU
		Release|Any CPU = Release|Any CPU
	EndGlobalSection
	GlobalSection(ProjectConfigurationPlatforms) = postSolution
		{DF25C3BE-E4EA-410D-A753-6CC551D8AB44}.Debug|Any CPU.ActiveCfg = Debug|Any CPU
		{DF25C3BE-E4EA-410D-A753-6CC551D8AB44}.Debug|Any CPU.Build.0 = Debug|Any CPU
		{DF25C3BE-E4EA-410D-A753-6CC551D8AB44}.Release|Any CPU.ActiveCfg = Release|Any CPU
		{DF25C3BE-E4EA-410D-A753-6CC551D8AB44}.Release|Any CPU.Build.0 = Release|Any CPU
	EndGlobalSection
	GlobalSection(SolutionProperties) = preSolution
		HideSolutionNode = FALSE
	EndGlobalSection
	GlobalSection(ExtensibilityGlobals) = postSolution
		SolutionGuid = {A8EE0C9F-2D7A-4344-B436-913A9DCEDF3D}
	EndGlobalSection
EndGlobal
